dependencies:
- name: blockscout-stack
  repository: https://blockscout.github.io/helm-charts
  version: 1.6.8
- name: postgresql
  repository: https://charts.bitnami.com/bitnami
  version: 14.3.3
- name: redis
  repository: https://charts.bitnami.com/bitnami
  version: 18.19.4
digest: sha256:8bd0cc33f59615e29e974dd0d2f26bf5970b260713325daf3201671d8955a0a0
generated: "2024-10-23T13:40:34.880148+02:00"
